# This file is automatically @generated by Cargo.
# It is not intended for manual editing.
[[package]]
name = "filum"
version = "0.1.2"
source = "registry+https://github.com/rust-lang/crates.io-index"
checksum = "ae0bafe8498731bd9ff85450af4dde979037d41a04c1eb6d846a71bec2fb9b70"
dependencies = [
 "libc",
]

[[package]]
name = "filum-example-ccl-simple"
version = "0.1.0"
dependencies = [
 "filum",
]

[[package]]
name = "libc"
version = "0.2.66"
source = "registry+https://github.com/rust-lang/crates.io-index"
checksum = "d515b1f41455adea1313a4a2ac8a8a477634fbae63cc6100e3aebb207ce61558"
