# This file is automatically @generated by Cargo.
# It is not intended for manual editing.
[[package]]
name = "filum"
version = "0.1.0"
source = "registry+https://github.com/rust-lang/crates.io-index"
checksum = "16df02884f10feec7a66092ab7223d0b1260699f108c399c35c516ba73a37068"
dependencies = [
 "libc",
]

[[package]]
name = "filum-example-ccl-simple"
version = "0.1.0"
dependencies = [
 "filum",
]

[[package]]
name = "libc"
version = "0.2.66"
source = "registry+https://github.com/rust-lang/crates.io-index"
checksum = "d515b1f41455adea1313a4a2ac8a8a477634fbae63cc6100e3aebb207ce61558"
