# This file is automatically @generated by Cargo.
# It is not intended for manual editing.
[[package]]
name = "filum"
version = "0.1.1"
source = "registry+https://github.com/rust-lang/crates.io-index"
checksum = "872e8da2f9c1629e5ec9a4c58b73726463cfab9cf6a2be2dbc291505dc549cf7"
dependencies = [
 "libc",
]

[[package]]
name = "filum-example-ccl-simple"
version = "0.1.0"
dependencies = [
 "filum",
]

[[package]]
name = "libc"
version = "0.2.66"
source = "registry+https://github.com/rust-lang/crates.io-index"
checksum = "d515b1f41455adea1313a4a2ac8a8a477634fbae63cc6100e3aebb207ce61558"
